
Microsoft Visual Studio Solution File, Format Version 9.00
# Visual Studio 2005
Project("{FAE04EC0-301F-11D3-BF4B-00C04F79EFBC}") = "Clish", "Clish.csproj", "{77CB4541-677D-4297-9E01-82D20F248364}"
EndProject
Project("{FAE04EC0-301F-11D3-BF4B-00C04F79EFBC}") = "Clish.Library", "Clish.Library\Clish.Library.csproj", "{292EB5CA-3399-4351-8C8E-12BC81BA3F15}"
EndProject
Project("{FAE04EC0-301F-11D3-BF4B-00C04F79EFBC}") = "Clish.Logs", "Clish.Logs\Clish.Logs.csproj", "{575746B3-DE34-4E6F-AC46-F03682F76C17}"
EndProject
Global
	GlobalSection(SolutionConfigurationPlatforms) = preSolution
		Debug|Any CPU = Debug|Any CPU
		Debug|Mixed Platforms = Debug|Mixed Platforms
		Debug|x86 = Debug|x86
		Release|Any CPU = Release|Any CPU
		Release|Mixed Platforms = Release|Mixed Platforms
		Release|x86 = Release|x86
	EndGlobalSection
	GlobalSection(ProjectConfigurationPlatforms) = postSolution
		{292EB5CA-3399-4351-8C8E-12BC81BA3F15}.Debug|Any CPU.ActiveCfg = Debug|Any CPU
		{292EB5CA-3399-4351-8C8E-12BC81BA3F15}.Debug|Any CPU.Build.0 = Debug|Any CPU
		{292EB5CA-3399-4351-8C8E-12BC81BA3F15}.Debug|Mixed Platforms.ActiveCfg = Debug|Any CPU
		{292EB5CA-3399-4351-8C8E-12BC81BA3F15}.Debug|Mixed Platforms.Build.0 = Debug|Any CPU
		{292EB5CA-3399-4351-8C8E-12BC81BA3F15}.Debug|x86.ActiveCfg = Debug|Any CPU
		{292EB5CA-3399-4351-8C8E-12BC81BA3F15}.Release|Any CPU.ActiveCfg = Release|Any CPU
		{292EB5CA-3399-4351-8C8E-12BC81BA3F15}.Release|Any CPU.Build.0 = Release|Any CPU
		{292EB5CA-3399-4351-8C8E-12BC81BA3F15}.Release|Mixed Platforms.ActiveCfg = Release|Any CPU
		{292EB5CA-3399-4351-8C8E-12BC81BA3F15}.Release|Mixed Platforms.Build.0 = Release|Any CPU
		{292EB5CA-3399-4351-8C8E-12BC81BA3F15}.Release|x86.ActiveCfg = Release|Any CPU
		{575746B3-DE34-4E6F-AC46-F03682F76C17}.Debug|Any CPU.ActiveCfg = Debug|Any CPU
		{575746B3-DE34-4E6F-AC46-F03682F76C17}.Debug|Any CPU.Build.0 = Debug|Any CPU
		{575746B3-DE34-4E6F-AC46-F03682F76C17}.Debug|Mixed Platforms.ActiveCfg = Debug|Any CPU
		{575746B3-DE34-4E6F-AC46-F03682F76C17}.Debug|Mixed Platforms.Build.0 = Debug|Any CPU
		{575746B3-DE34-4E6F-AC46-F03682F76C17}.Debug|x86.ActiveCfg = Debug|Any CPU
		{575746B3-DE34-4E6F-AC46-F03682F76C17}.Release|Any CPU.ActiveCfg = Release|Any CPU
		{575746B3-DE34-4E6F-AC46-F03682F76C17}.Release|Any CPU.Build.0 = Release|Any CPU
		{575746B3-DE34-4E6F-AC46-F03682F76C17}.Release|Mixed Platforms.ActiveCfg = Release|Any CPU
		{575746B3-DE34-4E6F-AC46-F03682F76C17}.Release|Mixed Platforms.Build.0 = Release|Any CPU
		{575746B3-DE34-4E6F-AC46-F03682F76C17}.Release|x86.ActiveCfg = Release|Any CPU
		{77CB4541-677D-4297-9E01-82D20F248364}.Debug|Any CPU.ActiveCfg = Debug|x86
		{77CB4541-677D-4297-9E01-82D20F248364}.Debug|Mixed Platforms.ActiveCfg = Debug|x86
		{77CB4541-677D-4297-9E01-82D20F248364}.Debug|Mixed Platforms.Build.0 = Debug|x86
		{77CB4541-677D-4297-9E01-82D20F248364}.Debug|x86.ActiveCfg = Debug|x86
		{77CB4541-677D-4297-9E01-82D20F248364}.Debug|x86.Build.0 = Debug|x86
		{77CB4541-677D-4297-9E01-82D20F248364}.Release|Any CPU.ActiveCfg = Release|x86
		{77CB4541-677D-4297-9E01-82D20F248364}.Release|Mixed Platforms.ActiveCfg = Release|x86
		{77CB4541-677D-4297-9E01-82D20F248364}.Release|Mixed Platforms.Build.0 = Release|x86
		{77CB4541-677D-4297-9E01-82D20F248364}.Release|x86.ActiveCfg = Release|x86
		{77CB4541-677D-4297-9E01-82D20F248364}.Release|x86.Build.0 = Release|x86
	EndGlobalSection
	GlobalSection(MonoDevelopProperties) = preSolution
		StartupItem = Clish.csproj
	EndGlobalSection
	GlobalSection(SolutionProperties) = preSolution
		HideSolutionNode = FALSE
	EndGlobalSection
EndGlobal
